
Microsoft Visual Studio Solution File, Format Version 12.00
# Visual Studio Version 17
VisualStudioVersion = 17.12.35514.174
MinimumVisualStudioVersion = 10.0.40219.1
Project("{FAE04EC0-301F-11D3-BF4B-00C04F79EFBC}") = "portal-oficina.Api", "portal-oficina.Api.csproj", "{D77C3D52-EEEC-408B-A9A0-81FCF8E2D1B9}"
EndProject
Project("{FAE04EC0-301F-11D3-BF4B-00C04F79EFBC}") = "portal-oficina.Application", "..\portal-oficina.Application\portal-oficina.Application.csproj", "{241B914B-21DC-4FE3-B725-58EF95E05A2D}"
EndProject
Project("{FAE04EC0-301F-11D3-BF4B-00C04F79EFBC}") = "portal-oficina.Infrastructure", "..\portal-oficina.Infrastructure\portal-oficina.Infrastructure.csproj", "{1CEBCCD0-CDA0-4097-A139-CF5226D3078C}"
EndProject
Project("{FAE04EC0-301F-11D3-BF4B-00C04F79EFBC}") = "portal-oficina.Tests", "..\portal-oficina.Tests\portal-oficina.Tests.csproj", "{F30F8B7D-EB8E-41CF-992D-8B9D59BD215D}"
EndProject
Project("{FAE04EC0-301F-11D3-BF4B-00C04F79EFBC}") = "portal-oficina.Core", "..\portal-oficina.Core\portal-oficina.Core.csproj", "{C0B719E3-52F2-4534-BA5E-457B1086571E}"
EndProject
Global
	GlobalSection(SolutionConfigurationPlatforms) = preSolution
		Debug|Any CPU = Debug|Any CPU
		Release|Any CPU = Release|Any CPU
	EndGlobalSection
	GlobalSection(ProjectConfigurationPlatforms) = postSolution
		{D77C3D52-EEEC-408B-A9A0-81FCF8E2D1B9}.Debug|Any CPU.ActiveCfg = Debug|Any CPU
		{D77C3D52-EEEC-408B-A9A0-81FCF8E2D1B9}.Debug|Any CPU.Build.0 = Debug|Any CPU
		{D77C3D52-EEEC-408B-A9A0-81FCF8E2D1B9}.Release|Any CPU.ActiveCfg = Release|Any CPU
		{D77C3D52-EEEC-408B-A9A0-81FCF8E2D1B9}.Release|Any CPU.Build.0 = Release|Any CPU
		{241B914B-21DC-4FE3-B725-58EF95E05A2D}.Debug|Any CPU.ActiveCfg = Debug|Any CPU
		{241B914B-21DC-4FE3-B725-58EF95E05A2D}.Debug|Any CPU.Build.0 = Debug|Any CPU
		{241B914B-21DC-4FE3-B725-58EF95E05A2D}.Release|Any CPU.ActiveCfg = Release|Any CPU
		{241B914B-21DC-4FE3-B725-58EF95E05A2D}.Release|Any CPU.Build.0 = Release|Any CPU
		{1CEBCCD0-CDA0-4097-A139-CF5226D3078C}.Debug|Any CPU.ActiveCfg = Debug|Any CPU
		{1CEBCCD0-CDA0-4097-A139-CF5226D3078C}.Debug|Any CPU.Build.0 = Debug|Any CPU
		{1CEBCCD0-CDA0-4097-A139-CF5226D3078C}.Release|Any CPU.ActiveCfg = Release|Any CPU
		{1CEBCCD0-CDA0-4097-A139-CF5226D3078C}.Release|Any CPU.Build.0 = Release|Any CPU
		{F30F8B7D-EB8E-41CF-992D-8B9D59BD215D}.Debug|Any CPU.ActiveCfg = Debug|Any CPU
		{F30F8B7D-EB8E-41CF-992D-8B9D59BD215D}.Debug|Any CPU.Build.0 = Debug|Any CPU
		{F30F8B7D-EB8E-41CF-992D-8B9D59BD215D}.Release|Any CPU.ActiveCfg = Release|Any CPU
		{F30F8B7D-EB8E-41CF-992D-8B9D59BD215D}.Release|Any CPU.Build.0 = Release|Any CPU
		{C0B719E3-52F2-4534-BA5E-457B1086571E}.Debug|Any CPU.ActiveCfg = Debug|Any CPU
		{C0B719E3-52F2-4534-BA5E-457B1086571E}.Debug|Any CPU.Build.0 = Debug|Any CPU
		{C0B719E3-52F2-4534-BA5E-457B1086571E}.Release|Any CPU.ActiveCfg = Release|Any CPU
		{C0B719E3-52F2-4534-BA5E-457B1086571E}.Release|Any CPU.Build.0 = Release|Any CPU
	EndGlobalSection
	GlobalSection(SolutionProperties) = preSolution
		HideSolutionNode = FALSE
	EndGlobalSection
EndGlobal
